
Microsoft Visual Studio Solution File, Format Version 12.00
# Visual Studio 15
VisualStudioVersion = 15.0.27703.2042
MinimumVisualStudioVersion = 10.0.40219.1
Project("{FAE04EC0-301F-11D3-BF4B-00C04F79EFBC}") = "WebApI", "WebApI\WebApI.csproj", "{7674EC9A-826D-4BF7-808C-23507C448320}"
EndProject
Global
	GlobalSection(SolutionConfigurationPlatforms) = preSolution
		Debug|Any CPU = Debug|Any CPU
		Release|Any CPU = Release|Any CPU
	EndGlobalSection
	GlobalSection(ProjectConfigurationPlatforms) = postSolution
		{7674EC9A-826D-4BF7-808C-23507C448320}.Debug|Any CPU.ActiveCfg = Debug|Any CPU
		{7674EC9A-826D-4BF7-808C-23507C448320}.Debug|Any CPU.Build.0 = Debug|Any CPU
		{7674EC9A-826D-4BF7-808C-23507C448320}.Release|Any CPU.ActiveCfg = Release|Any CPU
		{7674EC9A-826D-4BF7-808C-23507C448320}.Release|Any CPU.Build.0 = Release|Any CPU
	EndGlobalSection
	GlobalSection(SolutionProperties) = preSolution
		HideSolutionNode = FALSE
	EndGlobalSection
	GlobalSection(ExtensibilityGlobals) = postSolution
		SolutionGuid = {4B5FA141-C0D3-4B0B-90A9-A30760309B7B}
	EndGlobalSection
EndGlobal
